
Microsoft Visual Studio Solution File, Format Version 12.00
Project("{FAE04EC0-301F-11D3-BF4B-00C04F79EFBC}") = "PikachuOFilmeEBomOuNao", "PikachuOFilmeEBomOuNao\PikachuOFilmeEBomOuNao.csproj", "{51136E23-BEF0-4B6F-BE61-3220BF117C65}"
EndProject
Global
	GlobalSection(SolutionConfigurationPlatforms) = preSolution
		Debug|Any CPU = Debug|Any CPU
		Release|Any CPU = Release|Any CPU
	EndGlobalSection
	GlobalSection(ProjectConfigurationPlatforms) = postSolution
		{51136E23-BEF0-4B6F-BE61-3220BF117C65}.Debug|Any CPU.ActiveCfg = Debug|Any CPU
		{51136E23-BEF0-4B6F-BE61-3220BF117C65}.Debug|Any CPU.Build.0 = Debug|Any CPU
		{51136E23-BEF0-4B6F-BE61-3220BF117C65}.Release|Any CPU.ActiveCfg = Release|Any CPU
		{51136E23-BEF0-4B6F-BE61-3220BF117C65}.Release|Any CPU.Build.0 = Release|Any CPU
	EndGlobalSection
EndGlobal
